{
  "version": 2,
  "targets": {
    ".NETCoreApp,Version=v1.0": {
      "Microsoft.VisualStudio.Web.CodeGeneration.Tools/2.0.0": {
        "type": "package",
        "build": {
          "build/microsoft.visualstudio.web.codegeneration.tools.targets": {}
        },
        "buildMultiTargeting": {
          "buildMultiTargeting/microsoft.visualstudio.web.codegeneration.tools.targets": {}
        }
      }
    }
  },
  "libraries": {
    "Microsoft.VisualStudio.Web.CodeGeneration.Tools/2.0.0": {
      "sha512": "W1kDcI4bJaSdO9ZSBUwrOhMpLM9AOJ/yT1C2g9351XEfTdU5qMbEHR9WsDs452oA7zgVMy5/ZgEeqnvcBDRKEg==",
      "type": "package",
      "path": "microsoft.visualstudio.web.codegeneration.tools/2.0.0",
      "files": [
        "build/microsoft.visualstudio.web.codegeneration.tools.targets",
        "buildMultiTargeting/microsoft.visualstudio.web.codegeneration.tools.targets",
        "lib/netcoreapp2.0/dotnet-aspnet-codegenerator.dll",
        "lib/netcoreapp2.0/dotnet-aspnet-codegenerator.runtimeconfig.json",
        "microsoft.visualstudio.web.codegeneration.tools.2.0.0.nupkg.sha512",
        "microsoft.visualstudio.web.codegeneration.tools.nuspec",
        "prefercliruntime",
        "toolassets/net461/Microsoft.VisualStudio.Web.CodeGeneration.Msbuild.dll",
        "toolassets/netcoreapp2.0/Microsoft.VisualStudio.Web.CodeGeneration.Msbuild.dll"
      ]
    }
  },
  "projectFileDependencyGroups": {
    "": [],
    ".NETCoreApp,Version=v1.0": [
      "Microsoft.VisualStudio.Web.CodeGeneration.Tools >= 2.0.0"
    ]
  },
  "packageFolders": {
    "c:\\Stuff\\RequestIntercessor\\packages": {}
  },
  "project": {
    "restore": {
      "projectUniqueName": "Microsoft.VisualStudio.Web.CodeGeneration.Tools-c499cd44-affe-4afb-a71c-55aa4247a756",
      "projectName": "DotnetCliToolReference-Microsoft.VisualStudio.Web.CodeGeneration.Tools",
      "projectPath": "c:\\Stuff\\RequestIntercessor\\RequestIntercessor.csproj",
      "projectStyle": "DotnetCliTool",
      "originalTargetFrameworks": [
        "netcoreapp1.0"
      ],
      "frameworks": {
        "netcoreapp1.0": {
          "projectReferences": {}
        }
      }
    },
    "frameworks": {
      "netcoreapp1.0": {
        "dependencies": {
          "Microsoft.VisualStudio.Web.CodeGeneration.Tools": {
            "target": "Package",
            "version": "2.0.0"
          }
        }
      }
    }
  }
}